github.com/badamReena/dog v1.0.0 h1:Zz7Lt7wgP+kWAuiTB0iuhmSzRjkEG3bUCzejIuJD9rg=
github.com/badamReena/dog v1.0.0/go.mod h1:o2Jrov0qEdcpb4F40ce6u+NNv9yi20bNx3VV0UdxJvk=
github.com/badamReena/puppy v1.2.0 h1:ucQt5IdxYzraPAdi+VPR4TBqtUoQnjzz0bHuILqQo+s=
github.com/badamReena/puppy v1.2.0/go.mod h1:dPNGBD9F8hYb/7zx24KG9jpcAXXBA6ZmR6zbMdMf/io=
github.com/badamReena/puppy v1.3.0 h1:hzai5cDs3O/B+7FdioDWUc2+PGK8QsQVQj1n9J/wa5o=
github.com/badamReena/puppy v1.3.0/go.mod h1:dPNGBD9F8hYb/7zx24KG9jpcAXXBA6ZmR6zbMdMf/io=
